
Microsoft Visual Studio Solution File, Format Version 12.00
# Visual Studio Version 16
VisualStudioVersion = 16.0.34114.132
MinimumVisualStudioVersion = 10.0.40219.1
Project("{888888A0-9F3D-457C-B088-3A5042F75D52}") = "test", "test.pyproj", "{AF967CD7-83B1-4CD9-9956-8A08DFDB13B7}"
EndProject
Global
	GlobalSection(SolutionConfigurationPlatforms) = preSolution
		Debug|Any CPU = Debug|Any CPU
		Release|Any CPU = Release|Any CPU
	EndGlobalSection
	GlobalSection(ProjectConfigurationPlatforms) = postSolution
		{AF967CD7-83B1-4CD9-9956-8A08DFDB13B7}.Debug|Any CPU.ActiveCfg = Debug|Any CPU
		{AF967CD7-83B1-4CD9-9956-8A08DFDB13B7}.Release|Any CPU.ActiveCfg = Release|Any CPU
	EndGlobalSection
	GlobalSection(SolutionProperties) = preSolution
		HideSolutionNode = FALSE
	EndGlobalSection
	GlobalSection(ExtensibilityGlobals) = postSolution
		SolutionGuid = {C47A93B2-EDE4-499E-AB73-7149ED8EFA59}
	EndGlobalSection
EndGlobal
